
Microsoft Visual Studio Solution File, Format Version 12.00
# Visual Studio Version 17
VisualStudioVersion = 17.3.32922.545
MinimumVisualStudioVersion = 10.0.40219.1
Project("{2150E333-8FDC-42A3-9474-1A3956D46DE8}") = "src", "src", "{F61931ED-413A-421F-ADEC-0449F5EE7ECD}"
EndProject
Project("{2150E333-8FDC-42A3-9474-1A3956D46DE8}") = "Api", "Api", "{28C82FB4-FE2A-4889-8BD3-2412C01BAF90}"
EndProject
Project("{2150E333-8FDC-42A3-9474-1A3956D46DE8}") = "Clients", "Clients", "{D424E760-5453-460A-8957-98083BE7A094}"
EndProject
Project("{2150E333-8FDC-42A3-9474-1A3956D46DE8}") = "Common", "Common", "{2D9C0192-3CF0-43D7-9252-CF3EA92E9305}"
EndProject
Project("{2150E333-8FDC-42A3-9474-1A3956D46DE8}") = "Projections", "Projections", "{CB0279FC-3FAD-4131-B873-AD57A32C299B}"
EndProject
Project("{2150E333-8FDC-42A3-9474-1A3956D46DE8}") = "Core", "Core", "{70C78287-9CB3-4FDC-B56A-01003A5DADF5}"
EndProject
Project("{2150E333-8FDC-42A3-9474-1A3956D46DE8}") = "Infrastructere", "Infrastructere", "{F789F846-18BB-41CB-8722-801F047155C4}"
EndProject
Project("{2150E333-8FDC-42A3-9474-1A3956D46DE8}") = "WebApi", "WebApi", "{68A11BFF-74D1-4CC4-A457-1F8BBB0338E4}"
EndProject
Project("{2150E333-8FDC-42A3-9474-1A3956D46DE8}") = "BlazorWeb", "BlazorWeb", "{4612BEA5-B857-4005-9043-493BE0ED3293}"
EndProject
Project("{FAE04EC0-301F-11D3-BF4B-00C04F79EFBC}") = "BermerDic.Common", "src\Common\BermerDic.Common\BermerDic.Common.csproj", "{A8299C33-0E4F-4CC0-BCEC-C9AE5E1EB8D2}"
EndProject
Project("{FAE04EC0-301F-11D3-BF4B-00C04F79EFBC}") = "BermerDic.Api.Domain", "src\Api\Core\BermerDic.Api.Domain\BermerDic.Api.Domain.csproj", "{4E2A4B25-2319-41D3-829A-3297E880C499}"
EndProject
Project("{FAE04EC0-301F-11D3-BF4B-00C04F79EFBC}") = "BermerDic.Api.Application", "src\Api\Core\BermerDic.Api.Application\BermerDic.Api.Application.csproj", "{DAA9F198-8610-4449-9102-EC301C486BA0}"
EndProject
Project("{FAE04EC0-301F-11D3-BF4B-00C04F79EFBC}") = "BermerDic.Infrastructere.Persistence", "src\Api\Infrastructere\BermerDic.Infrastructere.Persistence\BermerDic.Infrastructere.Persistence.csproj", "{76030FA8-BA53-430C-847F-20469AA854AE}"
EndProject
Project("{FAE04EC0-301F-11D3-BF4B-00C04F79EFBC}") = "BermerDic.Api.WebApi", "src\Api\WebApi\BermerDic.Api.WebApi\BermerDic.Api.WebApi.csproj", "{D4F4C870-2AFD-406E-B244-130BA5C7162A}"
EndProject
Project("{FAE04EC0-301F-11D3-BF4B-00C04F79EFBC}") = "BermerDic.Projections.VoteJob", "src\Projections\BermerDic.Projections.VoteJob\BermerDic.Projections.VoteJob.csproj", "{8C4482C7-7193-482B-8CAA-7CF7B65F2AE0}"
EndProject
Project("{FAE04EC0-301F-11D3-BF4B-00C04F79EFBC}") = "BermerDic.Projections.FavoriteJob", "src\Projections\BermerDic.Projections.FavoriteJob\BermerDic.Projections.FavoriteJob.csproj", "{2B511C95-47F9-4958-8BA1-5C6C9C91B3E9}"
EndProject
Project("{FAE04EC0-301F-11D3-BF4B-00C04F79EFBC}") = "BermerDic.Projections.UserJob", "src\Projections\BermerDic.Projections.UserJob\BermerDic.Projections.UserJob.csproj", "{3E48E04D-F408-45D9-A7B0-3DE7E36B9B08}"
EndProject
Project("{FAE04EC0-301F-11D3-BF4B-00C04F79EFBC}") = "BermerDic.WebApp", "src\Clients\BlazorWeb\BermerDic.WebApp\BermerDic.WebApp.csproj", "{6C770595-3C43-4D19-97B0-08F2EA298BE9}"
EndProject
Global
	GlobalSection(SolutionConfigurationPlatforms) = preSolution
		Debug|Any CPU = Debug|Any CPU
		Release|Any CPU = Release|Any CPU
	EndGlobalSection
	GlobalSection(ProjectConfigurationPlatforms) = postSolution
		{A8299C33-0E4F-4CC0-BCEC-C9AE5E1EB8D2}.Debug|Any CPU.ActiveCfg = Debug|Any CPU
		{A8299C33-0E4F-4CC0-BCEC-C9AE5E1EB8D2}.Debug|Any CPU.Build.0 = Debug|Any CPU
		{A8299C33-0E4F-4CC0-BCEC-C9AE5E1EB8D2}.Release|Any CPU.ActiveCfg = Release|Any CPU
		{A8299C33-0E4F-4CC0-BCEC-C9AE5E1EB8D2}.Release|Any CPU.Build.0 = Release|Any CPU
		{4E2A4B25-2319-41D3-829A-3297E880C499}.Debug|Any CPU.ActiveCfg = Debug|Any CPU
		{4E2A4B25-2319-41D3-829A-3297E880C499}.Debug|Any CPU.Build.0 = Debug|Any CPU
		{4E2A4B25-2319-41D3-829A-3297E880C499}.Release|Any CPU.ActiveCfg = Release|Any CPU
		{4E2A4B25-2319-41D3-829A-3297E880C499}.Release|Any CPU.Build.0 = Release|Any CPU
		{DAA9F198-8610-4449-9102-EC301C486BA0}.Debug|Any CPU.ActiveCfg = Debug|Any CPU
		{DAA9F198-8610-4449-9102-EC301C486BA0}.Debug|Any CPU.Build.0 = Debug|Any CPU
		{DAA9F198-8610-4449-9102-EC301C486BA0}.Release|Any CPU.ActiveCfg = Release|Any CPU
		{DAA9F198-8610-4449-9102-EC301C486BA0}.Release|Any CPU.Build.0 = Release|Any CPU
		{76030FA8-BA53-430C-847F-20469AA854AE}.Debug|Any CPU.ActiveCfg = Debug|Any CPU
		{76030FA8-BA53-430C-847F-20469AA854AE}.Debug|Any CPU.Build.0 = Debug|Any CPU
		{76030FA8-BA53-430C-847F-20469AA854AE}.Release|Any CPU.ActiveCfg = Release|Any CPU
		{76030FA8-BA53-430C-847F-20469AA854AE}.Release|Any CPU.Build.0 = Release|Any CPU
		{D4F4C870-2AFD-406E-B244-130BA5C7162A}.Debug|Any CPU.ActiveCfg = Debug|Any CPU
		{D4F4C870-2AFD-406E-B244-130BA5C7162A}.Debug|Any CPU.Build.0 = Debug|Any CPU
		{D4F4C870-2AFD-406E-B244-130BA5C7162A}.Release|Any CPU.ActiveCfg = Release|Any CPU
		{D4F4C870-2AFD-406E-B244-130BA5C7162A}.Release|Any CPU.Build.0 = Release|Any CPU
		{8C4482C7-7193-482B-8CAA-7CF7B65F2AE0}.Debug|Any CPU.ActiveCfg = Debug|Any CPU
		{8C4482C7-7193-482B-8CAA-7CF7B65F2AE0}.Debug|Any CPU.Build.0 = Debug|Any CPU
		{8C4482C7-7193-482B-8CAA-7CF7B65F2AE0}.Release|Any CPU.ActiveCfg = Release|Any CPU
		{8C4482C7-7193-482B-8CAA-7CF7B65F2AE0}.Release|Any CPU.Build.0 = Release|Any CPU
		{2B511C95-47F9-4958-8BA1-5C6C9C91B3E9}.Debug|Any CPU.ActiveCfg = Debug|Any CPU
		{2B511C95-47F9-4958-8BA1-5C6C9C91B3E9}.Debug|Any CPU.Build.0 = Debug|Any CPU
		{2B511C95-47F9-4958-8BA1-5C6C9C91B3E9}.Release|Any CPU.ActiveCfg = Release|Any CPU
		{2B511C95-47F9-4958-8BA1-5C6C9C91B3E9}.Release|Any CPU.Build.0 = Release|Any CPU
		{3E48E04D-F408-45D9-A7B0-3DE7E36B9B08}.Debug|Any CPU.ActiveCfg = Debug|Any CPU
		{3E48E04D-F408-45D9-A7B0-3DE7E36B9B08}.Debug|Any CPU.Build.0 = Debug|Any CPU
		{3E48E04D-F408-45D9-A7B0-3DE7E36B9B08}.Release|Any CPU.ActiveCfg = Release|Any CPU
		{3E48E04D-F408-45D9-A7B0-3DE7E36B9B08}.Release|Any CPU.Build.0 = Release|Any CPU
		{6C770595-3C43-4D19-97B0-08F2EA298BE9}.Debug|Any CPU.ActiveCfg = Debug|Any CPU
		{6C770595-3C43-4D19-97B0-08F2EA298BE9}.Debug|Any CPU.Build.0 = Debug|Any CPU
		{6C770595-3C43-4D19-97B0-08F2EA298BE9}.Release|Any CPU.ActiveCfg = Release|Any CPU
		{6C770595-3C43-4D19-97B0-08F2EA298BE9}.Release|Any CPU.Build.0 = Release|Any CPU
	EndGlobalSection
	GlobalSection(SolutionProperties) = preSolution
		HideSolutionNode = FALSE
	EndGlobalSection
	GlobalSection(NestedProjects) = preSolution
		{28C82FB4-FE2A-4889-8BD3-2412C01BAF90} = {F61931ED-413A-421F-ADEC-0449F5EE7ECD}
		{D424E760-5453-460A-8957-98083BE7A094} = {F61931ED-413A-421F-ADEC-0449F5EE7ECD}
		{2D9C0192-3CF0-43D7-9252-CF3EA92E9305} = {F61931ED-413A-421F-ADEC-0449F5EE7ECD}
		{CB0279FC-3FAD-4131-B873-AD57A32C299B} = {F61931ED-413A-421F-ADEC-0449F5EE7ECD}
		{70C78287-9CB3-4FDC-B56A-01003A5DADF5} = {28C82FB4-FE2A-4889-8BD3-2412C01BAF90}
		{F789F846-18BB-41CB-8722-801F047155C4} = {28C82FB4-FE2A-4889-8BD3-2412C01BAF90}
		{68A11BFF-74D1-4CC4-A457-1F8BBB0338E4} = {28C82FB4-FE2A-4889-8BD3-2412C01BAF90}
		{4612BEA5-B857-4005-9043-493BE0ED3293} = {D424E760-5453-460A-8957-98083BE7A094}
		{A8299C33-0E4F-4CC0-BCEC-C9AE5E1EB8D2} = {2D9C0192-3CF0-43D7-9252-CF3EA92E9305}
		{4E2A4B25-2319-41D3-829A-3297E880C499} = {70C78287-9CB3-4FDC-B56A-01003A5DADF5}
		{DAA9F198-8610-4449-9102-EC301C486BA0} = {70C78287-9CB3-4FDC-B56A-01003A5DADF5}
		{76030FA8-BA53-430C-847F-20469AA854AE} = {F789F846-18BB-41CB-8722-801F047155C4}
		{D4F4C870-2AFD-406E-B244-130BA5C7162A} = {68A11BFF-74D1-4CC4-A457-1F8BBB0338E4}
		{8C4482C7-7193-482B-8CAA-7CF7B65F2AE0} = {CB0279FC-3FAD-4131-B873-AD57A32C299B}
		{2B511C95-47F9-4958-8BA1-5C6C9C91B3E9} = {CB0279FC-3FAD-4131-B873-AD57A32C299B}
		{3E48E04D-F408-45D9-A7B0-3DE7E36B9B08} = {CB0279FC-3FAD-4131-B873-AD57A32C299B}
		{6C770595-3C43-4D19-97B0-08F2EA298BE9} = {4612BEA5-B857-4005-9043-493BE0ED3293}
	EndGlobalSection
	GlobalSection(ExtensibilityGlobals) = postSolution
		SolutionGuid = {56B02573-6D80-4B20-8E55-9060723A5100}
	EndGlobalSection
EndGlobal
